{
  "name": "FlagHead",
  "version": "1.0.0",
  "lockfileVersion": 1,
  "requires": true,
  "dependencies": {
    "@types/weapp-api": {
      "version": "0.0.7",
      "resolved": "https://registry.npmjs.org/@types/weapp-api/-/weapp-api-0.0.7.tgz",
      "integrity": "sha512-hoqhYxnLgQu5AQp3cEEVbgShpddpEUWn2GkLToPQBXCCz3Z4wy7R0jT8lFuchcrJ0OnuMBGU0ANbfZ7hu/ee/A=="
    }
  }
}
